
Microsoft Visual Studio Solution File, Format Version 12.00
# Visual Studio 15
VisualStudioVersion = 15.0.27004.2005
MinimumVisualStudioVersion = 10.0.40219.1
Project("{888888A0-9F3D-457C-B088-3A5042F75D52}") = "pyml", "pyml.pyproj", "{B4123B99-DD7B-4F5A-8D70-D8E73A3F543D}"
EndProject
Global
	GlobalSection(SolutionConfigurationPlatforms) = preSolution
		Debug|Any CPU = Debug|Any CPU
		Release|Any CPU = Release|Any CPU
	EndGlobalSection
	GlobalSection(ProjectConfigurationPlatforms) = postSolution
		{B4123B99-DD7B-4F5A-8D70-D8E73A3F543D}.Debug|Any CPU.ActiveCfg = Debug|Any CPU
		{B4123B99-DD7B-4F5A-8D70-D8E73A3F543D}.Release|Any CPU.ActiveCfg = Release|Any CPU
	EndGlobalSection
	GlobalSection(SolutionProperties) = preSolution
		HideSolutionNode = FALSE
	EndGlobalSection
	GlobalSection(ExtensibilityGlobals) = postSolution
		SolutionGuid = {2F9301B5-75DB-4423-9FD8-DB7934EA5A70}
	EndGlobalSection
EndGlobal
